// !$*UTF8*$!
{
	archiveVersion = 1;
	classes = {
	};
	objectVersion = 55;
	objects = {

/* Begin PBXBuildFile section */
		3ED8AE5567B122E932B63AE2 /* Pods_Portfolio.framework in Frameworks */ = {isa = PBXBuildFile; fileRef = A06B2A4544AB96C7A9917D85 /* Pods_Portfolio.framework */; };
		B5086BEB28274BFC008C87C5 /* LoginCredentials.swift in Sources */ = {isa = PBXBuildFile; fileRef = B5086BEA28274BFC008C87C5 /* LoginCredentials.swift */; };
		B5086BED28274CE5008C87C5 /* SignUpCredentials.swift in Sources */ = {isa = PBXBuildFile; fileRef = B5086BEC28274CE5008C87C5 /* SignUpCredentials.swift */; };
		B536B4D927F6ABC2003A1210 /* PortfolioApp.swift in Sources */ = {isa = PBXBuildFile; fileRef = B536B4D827F6ABC2003A1210 /* PortfolioApp.swift */; };
		B536B4DB27F6ABC2003A1210 /* ContentView.swift in Sources */ = {isa = PBXBuildFile; fileRef = B536B4DA27F6ABC2003A1210 /* ContentView.swift */; };
		B536B4DD27F6ABC3003A1210 /* Assets.xcassets in Resources */ = {isa = PBXBuildFile; fileRef = B536B4DC27F6ABC3003A1210 /* Assets.xcassets */; };
		B536B4E027F6ABC3003A1210 /* Preview Assets.xcassets in Resources */ = {isa = PBXBuildFile; fileRef = B536B4DF27F6ABC3003A1210 /* Preview Assets.xcassets */; };
		B536B4EE27FE4837003A1210 /* GoogleService-Info.plist in Resources */ = {isa = PBXBuildFile; fileRef = B536B4ED27FE4837003A1210 /* GoogleService-Info.plist */; };
		B56300F2280024AF00E06098 /* LoginView.swift in Sources */ = {isa = PBXBuildFile; fileRef = B56300F1280024AF00E06098 /* LoginView.swift */; };
		B56300F82800B18500E06098 /* SignUpView.swift in Sources */ = {isa = PBXBuildFile; fileRef = B56300F72800B18500E06098 /* SignUpView.swift */; };
		B56300FC2811292400E06098 /* ViewRouter.swift in Sources */ = {isa = PBXBuildFile; fileRef = B56300FB2811292400E06098 /* ViewRouter.swift */; };
		B56300FE281129DC00E06098 /* MotherView.swift in Sources */ = {isa = PBXBuildFile; fileRef = B56300FD281129DC00E06098 /* MotherView.swift */; };
		B58643C32825CAA60097B243 /* FirebaseManager.swift in Sources */ = {isa = PBXBuildFile; fileRef = B58643C22825CAA60097B243 /* FirebaseManager.swift */; };
		F35277AC281644C90094EDFE /* PhotoPicker.swift in Sources */ = {isa = PBXBuildFile; fileRef = F35277AB281644C90094EDFE /* PhotoPicker.swift */; };
		F361DD99282C662200107612 /* UserProfileView.swift in Sources */ = {isa = PBXBuildFile; fileRef = F361DD98282C662200107612 /* UserProfileView.swift */; };
		F36CB073281633B100413AFF /* CreatePostView.swift in Sources */ = {isa = PBXBuildFile; fileRef = F36CB072281633B100413AFF /* CreatePostView.swift */; };
		F3DDDF9C282CCF4700D22B97 /* SDWebImageSwiftUI in Frameworks */ = {isa = PBXBuildFile; productRef = F3DDDF9B282CCF4700D22B97 /* SDWebImageSwiftUI */; };
		F3DDDF9E282CD4A100D22B97 /* UserProfileViewModel.swift in Sources */ = {isa = PBXBuildFile; fileRef = F3DDDF9D282CD4A000D22B97 /* UserProfileViewModel.swift */; };
/* End PBXBuildFile section */

/* Begin PBXFileReference section */
		4F4374E92813931774BE8372 /* Pods-Portfolio.debug.xcconfig */ = {isa = PBXFileReference; includeInIndex = 1; lastKnownFileType = text.xcconfig; name = "Pods-Portfolio.debug.xcconfig"; path = "Target Support Files/Pods-Portfolio/Pods-Portfolio.debug.xcconfig"; sourceTree = "<group>"; };
		A06B2A4544AB96C7A9917D85 /* Pods_Portfolio.framework */ = {isa = PBXFileReference; explicitFileType = wrapper.framework; includeInIndex = 0; path = Pods_Portfolio.framework; sourceTree = BUILT_PRODUCTS_DIR; };
		B5086BEA28274BFC008C87C5 /* LoginCredentials.swift */ = {isa = PBXFileReference; lastKnownFileType = sourcecode.swift; path = LoginCredentials.swift; sourceTree = "<group>"; };
		B5086BEC28274CE5008C87C5 /* SignUpCredentials.swift */ = {isa = PBXFileReference; lastKnownFileType = sourcecode.swift; path = SignUpCredentials.swift; sourceTree = "<group>"; };
		B536B4D527F6ABC2003A1210 /* Portfolio.app */ = {isa = PBXFileReference; explicitFileType = wrapper.application; includeInIndex = 0; path = Portfolio.app; sourceTree = BUILT_PRODUCTS_DIR; };
		B536B4D827F6ABC2003A1210 /* PortfolioApp.swift */ = {isa = PBXFileReference; lastKnownFileType = sourcecode.swift; path = PortfolioApp.swift; sourceTree = "<group>"; };
		B536B4DA27F6ABC2003A1210 /* ContentView.swift */ = {isa = PBXFileReference; lastKnownFileType = sourcecode.swift; path = ContentView.swift; sourceTree = "<group>"; };
		B536B4DC27F6ABC3003A1210 /* Assets.xcassets */ = {isa = PBXFileReference; lastKnownFileType = folder.assetcatalog; path = Assets.xcassets; sourceTree = "<group>"; };
		B536B4DF27F6ABC3003A1210 /* Preview Assets.xcassets */ = {isa = PBXFileReference; lastKnownFileType = folder.assetcatalog; path = "Preview Assets.xcassets"; sourceTree = "<group>"; };
		B536B4ED27FE4837003A1210 /* GoogleService-Info.plist */ = {isa = PBXFileReference; fileEncoding = 4; lastKnownFileType = text.plist.xml; path = "GoogleService-Info.plist"; sourceTree = "<group>"; };
		B56300F1280024AF00E06098 /* LoginView.swift */ = {isa = PBXFileReference; lastKnownFileType = sourcecode.swift; path = LoginView.swift; sourceTree = "<group>"; };
		B56300F72800B18500E06098 /* SignUpView.swift */ = {isa = PBXFileReference; lastKnownFileType = sourcecode.swift; path = SignUpView.swift; sourceTree = "<group>"; };
		B56300F92811114C00E06098 /* Info.plist */ = {isa = PBXFileReference; lastKnownFileType = text.plist.xml; path = Info.plist; sourceTree = "<group>"; };
		B56300FB2811292400E06098 /* ViewRouter.swift */ = {isa = PBXFileReference; lastKnownFileType = sourcecode.swift; path = ViewRouter.swift; sourceTree = "<group>"; };
		B56300FD281129DC00E06098 /* MotherView.swift */ = {isa = PBXFileReference; lastKnownFileType = sourcecode.swift; path = MotherView.swift; sourceTree = "<group>"; };
		B58643C22825CAA60097B243 /* FirebaseManager.swift */ = {isa = PBXFileReference; lastKnownFileType = sourcecode.swift; path = FirebaseManager.swift; sourceTree = "<group>"; };
		CC678A0C9CF75D97E1E02FF0 /* Pods-Portfolio.release.xcconfig */ = {isa = PBXFileReference; includeInIndex = 1; lastKnownFileType = text.xcconfig; name = "Pods-Portfolio.release.xcconfig"; path = "Target Support Files/Pods-Portfolio/Pods-Portfolio.release.xcconfig"; sourceTree = "<group>"; };
		F35277AB281644C90094EDFE /* PhotoPicker.swift */ = {isa = PBXFileReference; lastKnownFileType = sourcecode.swift; path = PhotoPicker.swift; sourceTree = "<group>"; };
		F361DD98282C662200107612 /* UserProfileView.swift */ = {isa = PBXFileReference; lastKnownFileType = sourcecode.swift; path = UserProfileView.swift; sourceTree = "<group>"; };
		F36CB072281633B100413AFF /* CreatePostView.swift */ = {isa = PBXFileReference; lastKnownFileType = sourcecode.swift; path = CreatePostView.swift; sourceTree = "<group>"; };
		F3DDDF9D282CD4A000D22B97 /* UserProfileViewModel.swift */ = {isa = PBXFileReference; lastKnownFileType = sourcecode.swift; path = UserProfileViewModel.swift; sourceTree = "<group>"; };
/* End PBXFileReference section */

/* Begin PBXFrameworksBuildPhase section */
		B536B4D227F6ABC2003A1210 /* Frameworks */ = {
			isa = PBXFrameworksBuildPhase;
			buildActionMask = 2147483647;
			files = (
				F3DDDF9C282CCF4700D22B97 /* SDWebImageSwiftUI in Frameworks */,
				3ED8AE5567B122E932B63AE2 /* Pods_Portfolio.framework in Frameworks */,
			);
			runOnlyForDeploymentPostprocessing = 0;
		};
/* End PBXFrameworksBuildPhase section */

/* Begin PBXGroup section */
		80B5363BA1FB320FE0924401 /* Frameworks */ = {
			isa = PBXGroup;
			children = (
				A06B2A4544AB96C7A9917D85 /* Pods_Portfolio.framework */,
			);
			name = Frameworks;
			sourceTree = "<group>";
		};
		B5086BE7282747A0008C87C5 /* Partials */ = {
			isa = PBXGroup;
			children = (
				B5086BEA28274BFC008C87C5 /* LoginCredentials.swift */,
				B5086BEC28274CE5008C87C5 /* SignUpCredentials.swift */,
			);
			path = Partials;
			sourceTree = "<group>";
		};
		B536B4CC27F6ABC2003A1210 = {
			isa = PBXGroup;
			children = (
				B536B4D727F6ABC2003A1210 /* Portfolio */,
				B536B4D627F6ABC2003A1210 /* Products */,
				E2AE8B6F593E47FF45BB74E5 /* Pods */,
				80B5363BA1FB320FE0924401 /* Frameworks */,
			);
			sourceTree = "<group>";
		};
		B536B4D627F6ABC2003A1210 /* Products */ = {
			isa = PBXGroup;
			children = (
				B536B4D527F6ABC2003A1210 /* Portfolio.app */,
			);
			name = Products;
			sourceTree = "<group>";
		};
		B536B4D727F6ABC2003A1210 /* Portfolio */ = {
			isa = PBXGroup;
			children = (
				B536B4D827F6ABC2003A1210 /* PortfolioApp.swift */,
				B56300FB2811292400E06098 /* ViewRouter.swift */,
				F3DDDF9D282CD4A000D22B97 /* UserProfileViewModel.swift */,
				B58643C22825CAA60097B243 /* FirebaseManager.swift */,
				F35277AB281644C90094EDFE /* PhotoPicker.swift */,
				B56300FA281128A300E06098 /* Views */,
				B536B4DC27F6ABC3003A1210 /* Assets.xcassets */,
				B56300F92811114C00E06098 /* Info.plist */,
				B536B4ED27FE4837003A1210 /* GoogleService-Info.plist */,
				B536B4DE27F6ABC3003A1210 /* Preview Content */,
			);
			path = Portfolio;
			sourceTree = "<group>";
		};
		B536B4DE27F6ABC3003A1210 /* Preview Content */ = {
			isa = PBXGroup;
			children = (
				B536B4DF27F6ABC3003A1210 /* Preview Assets.xcassets */,
			);
			path = "Preview Content";
			sourceTree = "<group>";
		};
		B56300FA281128A300E06098 /* Views */ = {
			isa = PBXGroup;
			children = (
				B5086BE7282747A0008C87C5 /* Partials */,
				B536B4DA27F6ABC2003A1210 /* ContentView.swift */,
				B56300F1280024AF00E06098 /* LoginView.swift */,
				B56300F72800B18500E06098 /* SignUpView.swift */,
				B56300FD281129DC00E06098 /* MotherView.swift */,
				F36CB072281633B100413AFF /* CreatePostView.swift */,
				F361DD98282C662200107612 /* UserProfileView.swift */,
			);
			path = Views;
			sourceTree = "<group>";
		};
		E2AE8B6F593E47FF45BB74E5 /* Pods */ = {
			isa = PBXGroup;
			children = (
				4F4374E92813931774BE8372 /* Pods-Portfolio.debug.xcconfig */,
				CC678A0C9CF75D97E1E02FF0 /* Pods-Portfolio.release.xcconfig */,
			);
			path = Pods;
			sourceTree = "<group>";
		};
/* End PBXGroup section */

/* Begin PBXNativeTarget section */
		B536B4D427F6ABC2003A1210 /* Portfolio */ = {
			isa = PBXNativeTarget;
			buildConfigurationList = B536B4E327F6ABC3003A1210 /* Build configuration list for PBXNativeTarget "Portfolio" */;
			buildPhases = (
				0EA13F47489A52FBEA237857 /* [CP] Check Pods Manifest.lock */,
				B536B4D127F6ABC2003A1210 /* Sources */,
				B536B4D227F6ABC2003A1210 /* Frameworks */,
				B536B4D327F6ABC2003A1210 /* Resources */,
				C1BFDAABA798EDE0EC9C05EC /* [CP] Embed Pods Frameworks */,
			);
			buildRules = (
			);
			dependencies = (
			);
			name = Portfolio;
			packageProductDependencies = (
				F3DDDF9B282CCF4700D22B97 /* SDWebImageSwiftUI */,
			);
			productName = Portfolio;
			productReference = B536B4D527F6ABC2003A1210 /* Portfolio.app */;
			productType = "com.apple.product-type.application";
		};
/* End PBXNativeTarget section */

/* Begin PBXProject section */
		B536B4CD27F6ABC2003A1210 /* Project object */ = {
			isa = PBXProject;
			attributes = {
				BuildIndependentTargetsInParallel = 1;
				LastSwiftUpdateCheck = 1320;
				LastUpgradeCheck = 1320;
				TargetAttributes = {
					B536B4D427F6ABC2003A1210 = {
						CreatedOnToolsVersion = 13.2.1;
					};
				};
			};
			buildConfigurationList = B536B4D027F6ABC2003A1210 /* Build configuration list for PBXProject "Portfolio" */;
			compatibilityVersion = "Xcode 13.0";
			developmentRegion = en;
			hasScannedForEncodings = 0;
			knownRegions = (
				en,
				Base,
			);
			mainGroup = B536B4CC27F6ABC2003A1210;
			packageReferences = (
				F3DDDF9A282CCF4700D22B97 /* XCRemoteSwiftPackageReference "SDWebImageSwiftUI" */,
			);
			productRefGroup = B536B4D627F6ABC2003A1210 /* Products */;
			projectDirPath = "";
			projectRoot = "";
			targets = (
				B536B4D427F6ABC2003A1210 /* Portfolio */,
			);
		};
/* End PBXProject section */

/* Begin PBXResourcesBuildPhase section */
		B536B4D327F6ABC2003A1210 /* Resources */ = {
			isa = PBXResourcesBuildPhase;
			buildActionMask = 2147483647;
			files = (
				B536B4E027F6ABC3003A1210 /* Preview Assets.xcassets in Resources */,
				B536B4DD27F6ABC3003A1210 /* Assets.xcassets in Resources */,
				B536B4EE27FE4837003A1210 /* GoogleService-Info.plist in Resources */,
			);
			runOnlyForDeploymentPostprocessing = 0;
		};
/* End PBXResourcesBuildPhase section */

/* Begin PBXShellScriptBuildPhase section */
		0EA13F47489A52FBEA237857 /* [CP] Check Pods Manifest.lock */ = {
			isa = PBXShellScriptBuildPhase;
			buildActionMask = 2147483647;
			files = (
			);
			inputFileListPaths = (
			);
			inputPaths = (
				"${PODS_PODFILE_DIR_PATH}/Podfile.lock",
				"${PODS_ROOT}/Manifest.lock",
			);
			name = "[CP] Check Pods Manifest.lock";
			outputFileListPaths = (
			);
			outputPaths = (
				"$(DERIVED_FILE_DIR)/Pods-Portfolio-checkManifestLockResult.txt",
			);
			runOnlyForDeploymentPostprocessing = 0;
			shellPath = /bin/sh;
			shellScript = "diff \"${PODS_PODFILE_DIR_PATH}/Podfile.lock\" \"${PODS_ROOT}/Manifest.lock\" > /dev/null\nif [ $? != 0 ] ; then\n    # print error to STDERR\n    echo \"error: The sandbox is not in sync with the Podfile.lock. Run 'pod install' or update your CocoaPods installation.\" >&2\n    exit 1\nfi\n# This output is used by Xcode 'outputs' to avoid re-running this script phase.\necho \"SUCCESS\" > \"${SCRIPT_OUTPUT_FILE_0}\"\n";
			showEnvVarsInLog = 0;
		};
		C1BFDAABA798EDE0EC9C05EC /* [CP] Embed Pods Frameworks */ = {
			isa = PBXShellScriptBuildPhase;
			buildActionMask = 2147483647;
			files = (
			);
			inputFileListPaths = (
				"${PODS_ROOT}/Target Support Files/Pods-Portfolio/Pods-Portfolio-frameworks-${CONFIGURATION}-input-files.xcfilelist",
			);
			name = "[CP] Embed Pods Frameworks";
			outputFileListPaths = (
				"${PODS_ROOT}/Target Support Files/Pods-Portfolio/Pods-Portfolio-frameworks-${CONFIGURATION}-output-files.xcfilelist",
			);
			runOnlyForDeploymentPostprocessing = 0;
			shellPath = /bin/sh;
			shellScript = "\"${PODS_ROOT}/Target Support Files/Pods-Portfolio/Pods-Portfolio-frameworks.sh\"\n";
			showEnvVarsInLog = 0;
		};
/* End PBXShellScriptBuildPhase section */

/* Begin PBXSourcesBuildPhase section */
		B536B4D127F6ABC2003A1210 /* Sources */ = {
			isa = PBXSourcesBuildPhase;
			buildActionMask = 2147483647;
			files = (
				F36CB073281633B100413AFF /* CreatePostView.swift in Sources */,
				B536B4DB27F6ABC2003A1210 /* ContentView.swift in Sources */,
				B56300FE281129DC00E06098 /* MotherView.swift in Sources */,
				B58643C32825CAA60097B243 /* FirebaseManager.swift in Sources */,
				B56300F82800B18500E06098 /* SignUpView.swift in Sources */,
				F35277AC281644C90094EDFE /* PhotoPicker.swift in Sources */,
				F3DDDF9E282CD4A100D22B97 /* UserProfileViewModel.swift in Sources */,
				B5086BEB28274BFC008C87C5 /* LoginCredentials.swift in Sources */,
				F361DD99282C662200107612 /* UserProfileView.swift in Sources */,
				B536B4D927F6ABC2003A1210 /* PortfolioApp.swift in Sources */,
				B5086BED28274CE5008C87C5 /* SignUpCredentials.swift in Sources */,
				B56300FC2811292400E06098 /* ViewRouter.swift in Sources */,
				B56300F2280024AF00E06098 /* LoginView.swift in Sources */,
			);
			runOnlyForDeploymentPostprocessing = 0;
		};
/* End PBXSourcesBuildPhase section */

/* Begin XCBuildConfiguration section */
		B536B4E127F6ABC3003A1210 /* Debug */ = {
			isa = XCBuildConfiguration;
			buildSettings = {
				ALWAYS_SEARCH_USER_PATHS = NO;
				CLANG_ANALYZER_NONNULL = YES;
				CLANG_ANALYZER_NUMBER_OBJECT_CONVERSION = YES_AGGRESSIVE;
				CLANG_CXX_LANGUAGE_STANDARD = "gnu++17";
				CLANG_CXX_LIBRARY = "libc++";
				CLANG_ENABLE_MODULES = YES;
				CLANG_ENABLE_OBJC_ARC = YES;
				CLANG_ENABLE_OBJC_WEAK = YES;
				CLANG_WARN_BLOCK_CAPTURE_AUTORELEASING = YES;
				CLANG_WARN_BOOL_CONVERSION = YES;
				CLANG_WARN_COMMA = YES;
				CLANG_WARN_CONSTANT_CONVERSION = YES;
				CLANG_WARN_DEPRECATED_OBJC_IMPLEMENTATIONS = YES;
				CLANG_WARN_DIRECT_OBJC_ISA_USAGE = YES_ERROR;
				CLANG_WARN_DOCUMENTATION_COMMENTS = YES;
				CLANG_WARN_EMPTY_BODY = YES;
				CLANG_WARN_ENUM_CONVERSION = YES;
				CLANG_WARN_INFINITE_RECURSION = YES;
				CLANG_WARN_INT_CONVERSION = YES;
				CLANG_WARN_NON_LITERAL_NULL_CONVERSION = YES;
				CLANG_WARN_OBJC_IMPLICIT_RETAIN_SELF = YES;
				CLANG_WARN_OBJC_LITERAL_CONVERSION = YES;
				CLANG_WARN_OBJC_ROOT_CLASS = YES_ERROR;
				CLANG_WARN_QUOTED_INCLUDE_IN_FRAMEWORK_HEADER = YES;
				CLANG_WARN_RANGE_LOOP_ANALYSIS = YES;
				CLANG_WARN_STRICT_PROTOTYPES = YES;
				CLANG_WARN_SUSPICIOUS_MOVE = YES;
				CLANG_WARN_UNGUARDED_AVAILABILITY = YES_AGGRESSIVE;
				CLANG_WARN_UNREACHABLE_CODE = YES;
				CLANG_WARN__DUPLICATE_METHOD_MATCH = YES;
				COPY_PHASE_STRIP = NO;
				DEBUG_INFORMATION_FORMAT = dwarf;
				ENABLE_STRICT_OBJC_MSGSEND = YES;
				ENABLE_TESTABILITY = YES;
				GCC_C_LANGUAGE_STANDARD = gnu11;
				GCC_DYNAMIC_NO_PIC = NO;
				GCC_NO_COMMON_BLOCKS = YES;
				GCC_OPTIMIZATION_LEVEL = 0;
				GCC_PREPROCESSOR_DEFINITIONS = (
					"DEBUG=1",
					"$(inherited)",
				);
				GCC_WARN_64_TO_32_BIT_CONVERSION = YES;
				GCC_WARN_ABOUT_RETURN_TYPE = YES_ERROR;
				GCC_WARN_UNDECLARED_SELECTOR = YES;
				GCC_WARN_UNINITIALIZED_AUTOS = YES_AGGRESSIVE;
				GCC_WARN_UNUSED_FUNCTION = YES;
				GCC_WARN_UNUSED_VARIABLE = YES;
				IPHONEOS_DEPLOYMENT_TARGET = 15.2;
				MTL_ENABLE_DEBUG_INFO = INCLUDE_SOURCE;
				MTL_FAST_MATH = YES;
				ONLY_ACTIVE_ARCH = YES;
				SDKROOT = iphoneos;
				SWIFT_ACTIVE_COMPILATION_CONDITIONS = DEBUG;
				SWIFT_OPTIMIZATION_LEVEL = "-Onone";
			};
			name = Debug;
		};
		B536B4E227F6ABC3003A1210 /* Release */ = {
			isa = XCBuildConfiguration;
			buildSettings = {
				ALWAYS_SEARCH_USER_PATHS = NO;
				CLANG_ANALYZER_NONNULL = YES;
				CLANG_ANALYZER_NUMBER_OBJECT_CONVERSION = YES_AGGRESSIVE;
				CLANG_CXX_LANGUAGE_STANDARD = "gnu++17";
				CLANG_CXX_LIBRARY = "libc++";
				CLANG_ENABLE_MODULES = YES;
				CLANG_ENABLE_OBJC_ARC = YES;
				CLANG_ENABLE_OBJC_WEAK = YES;
				CLANG_WARN_BLOCK_CAPTURE_AUTORELEASING = YES;
				CLANG_WARN_BOOL_CONVERSION = YES;
				CLANG_WARN_COMMA = YES;
				CLANG_WARN_CONSTANT_CONVERSION = YES;
				CLANG_WARN_DEPRECATED_OBJC_IMPLEMENTATIONS = YES;
				CLANG_WARN_DIRECT_OBJC_ISA_USAGE = YES_ERROR;
				CLANG_WARN_DOCUMENTATION_COMMENTS = YES;
				CLANG_WARN_EMPTY_BODY = YES;
				CLANG_WARN_ENUM_CONVERSION = YES;
				CLANG_WARN_INFINITE_RECURSION = YES;
				CLANG_WARN_INT_CONVERSION = YES;
				CLANG_WARN_NON_LITERAL_NULL_CONVERSION = YES;
				CLANG_WARN_OBJC_IMPLICIT_RETAIN_SELF = YES;
				CLANG_WARN_OBJC_LITERAL_CONVERSION = YES;
				CLANG_WARN_OBJC_ROOT_CLASS = YES_ERROR;
				CLANG_WARN_QUOTED_INCLUDE_IN_FRAMEWORK_HEADER = YES;
				CLANG_WARN_RANGE_LOOP_ANALYSIS = YES;
				CLANG_WARN_STRICT_PROTOTYPES = YES;
				CLANG_WARN_SUSPICIOUS_MOVE = YES;
				CLANG_WARN_UNGUARDED_AVAILABILITY = YES_AGGRESSIVE;
				CLANG_WARN_UNREACHABLE_CODE = YES;
				CLANG_WARN__DUPLICATE_METHOD_MATCH = YES;
				COPY_PHASE_STRIP = NO;
				DEBUG_INFORMATION_FORMAT = "dwarf-with-dsym";
				ENABLE_NS_ASSERTIONS = NO;
				ENABLE_STRICT_OBJC_MSGSEND = YES;
				GCC_C_LANGUAGE_STANDARD = gnu11;
				GCC_NO_COMMON_BLOCKS = YES;
				GCC_WARN_64_TO_32_BIT_CONVERSION = YES;
				GCC_WARN_ABOUT_RETURN_TYPE = YES_ERROR;
				GCC_WARN_UNDECLARED_SELECTOR = YES;
				GCC_WARN_UNINITIALIZED_AUTOS = YES_AGGRESSIVE;
				GCC_WARN_UNUSED_FUNCTION = YES;
				GCC_WARN_UNUSED_VARIABLE = YES;
				IPHONEOS_DEPLOYMENT_TARGET = 15.2;
				MTL_ENABLE_DEBUG_INFO = NO;
				MTL_FAST_MATH = YES;
				SDKROOT = iphoneos;
				SWIFT_COMPILATION_MODE = wholemodule;
				SWIFT_OPTIMIZATION_LEVEL = "-O";
				VALIDATE_PRODUCT = YES;
			};
			name = Release;
		};
		B536B4E427F6ABC3003A1210 /* Debug */ = {
			isa = XCBuildConfiguration;
			baseConfigurationReference = 4F4374E92813931774BE8372 /* Pods-Portfolio.debug.xcconfig */;
			buildSettings = {
				ASSETCATALOG_COMPILER_APPICON_NAME = AppIcon;
				ASSETCATALOG_COMPILER_GLOBAL_ACCENT_COLOR_NAME = AccentColor;
				CODE_SIGN_STYLE = Automatic;
				CURRENT_PROJECT_VERSION = 1;
				DEVELOPMENT_ASSET_PATHS = "\"Portfolio/Preview Content\"";
				DEVELOPMENT_TEAM = TF72877TRV;
				ENABLE_PREVIEWS = YES;
				GENERATE_INFOPLIST_FILE = YES;
				INFOPLIST_FILE = Portfolio/Info.plist;
				INFOPLIST_KEY_UIApplicationSceneManifest_Generation = YES;
				INFOPLIST_KEY_UIApplicationSupportsIndirectInputEvents = YES;
				INFOPLIST_KEY_UILaunchScreen_Generation = YES;
				INFOPLIST_KEY_UISupportedInterfaceOrientations_iPad = "UIInterfaceOrientationPortrait UIInterfaceOrientationPortraitUpsideDown UIInterfaceOrientationLandscapeLeft UIInterfaceOrientationLandscapeRight";
				INFOPLIST_KEY_UISupportedInterfaceOrientations_iPhone = "UIInterfaceOrientationPortrait UIInterfaceOrientationLandscapeLeft UIInterfaceOrientationLandscapeRight";
				LD_RUNPATH_SEARCH_PATHS = (
					"$(inherited)",
					"@executable_path/Frameworks",
				);
				MARKETING_VERSION = 1.0;
				PRODUCT_BUNDLE_IDENTIFIER = vpericone.sfsu.edu.Portfolio;
				PRODUCT_NAME = "$(TARGET_NAME)";
				SWIFT_EMIT_LOC_STRINGS = YES;
				SWIFT_VERSION = 5.0;
				TARGETED_DEVICE_FAMILY = "1,2";
			};
			name = Debug;
		};
		B536B4E527F6ABC3003A1210 /* Release */ = {
			isa = XCBuildConfiguration;
			baseConfigurationReference = CC678A0C9CF75D97E1E02FF0 /* Pods-Portfolio.release.xcconfig */;
			buildSettings = {
				ASSETCATALOG_COMPILER_APPICON_NAME = AppIcon;
				ASSETCATALOG_COMPILER_GLOBAL_ACCENT_COLOR_NAME = AccentColor;
				CODE_SIGN_STYLE = Automatic;
				CURRENT_PROJECT_VERSION = 1;
				DEVELOPMENT_ASSET_PATHS = "\"Portfolio/Preview Content\"";
				DEVELOPMENT_TEAM = TF72877TRV;
				ENABLE_PREVIEWS = YES;
				GENERATE_INFOPLIST_FILE = YES;
				INFOPLIST_FILE = Portfolio/Info.plist;
				INFOPLIST_KEY_UIApplicationSceneManifest_Generation = YES;
				INFOPLIST_KEY_UIApplicationSupportsIndirectInputEvents = YES;
				INFOPLIST_KEY_UILaunchScreen_Generation = YES;
				INFOPLIST_KEY_UISupportedInterfaceOrientations_iPad = "UIInterfaceOrientationPortrait UIInterfaceOrientationPortraitUpsideDown UIInterfaceOrientationLandscapeLeft UIInterfaceOrientationLandscapeRight";
				INFOPLIST_KEY_UISupportedInterfaceOrientations_iPhone = "UIInterfaceOrientationPortrait UIInterfaceOrientationLandscapeLeft UIInterfaceOrientationLandscapeRight";
				LD_RUNPATH_SEARCH_PATHS = (
					"$(inherited)",
					"@executable_path/Frameworks",
				);
				MARKETING_VERSION = 1.0;
				PRODUCT_BUNDLE_IDENTIFIER = vpericone.sfsu.edu.Portfolio;
				PRODUCT_NAME = "$(TARGET_NAME)";
				SWIFT_EMIT_LOC_STRINGS = YES;
				SWIFT_VERSION = 5.0;
				TARGETED_DEVICE_FAMILY = "1,2";
			};
			name = Release;
		};
/* End XCBuildConfiguration section */

/* Begin XCConfigurationList section */
		B536B4D027F6ABC2003A1210 /* Build configuration list for PBXProject "Portfolio" */ = {
			isa = XCConfigurationList;
			buildConfigurations = (
				B536B4E127F6ABC3003A1210 /* Debug */,
				B536B4E227F6ABC3003A1210 /* Release */,
			);
			defaultConfigurationIsVisible = 0;
			defaultConfigurationName = Release;
		};
		B536B4E327F6ABC3003A1210 /* Build configuration list for PBXNativeTarget "Portfolio" */ = {
			isa = XCConfigurationList;
			buildConfigurations = (
				B536B4E427F6ABC3003A1210 /* Debug */,
				B536B4E527F6ABC3003A1210 /* Release */,
			);
			defaultConfigurationIsVisible = 0;
			defaultConfigurationName = Release;
		};
/* End XCConfigurationList section */

/* Begin XCRemoteSwiftPackageReference section */
		F3DDDF9A282CCF4700D22B97 /* XCRemoteSwiftPackageReference "SDWebImageSwiftUI" */ = {
			isa = XCRemoteSwiftPackageReference;
			repositoryURL = "https://github.com/SDWebImage/SDWebImageSwiftUI";
			requirement = {
				kind = upToNextMajorVersion;
				minimumVersion = 2.0.0;
			};
		};
/* End XCRemoteSwiftPackageReference section */

/* Begin XCSwiftPackageProductDependency section */
		F3DDDF9B282CCF4700D22B97 /* SDWebImageSwiftUI */ = {
			isa = XCSwiftPackageProductDependency;
			package = F3DDDF9A282CCF4700D22B97 /* XCRemoteSwiftPackageReference "SDWebImageSwiftUI" */;
			productName = SDWebImageSwiftUI;
		};
/* End XCSwiftPackageProductDependency section */
	};
	rootObject = B536B4CD27F6ABC2003A1210 /* Project object */;
}
